// !$*UTF8*$!
{
	archiveVersion = 1;
	classes = {
	};
	objectVersion = 50;
	objects = {

/* Begin PBXBuildFile section */
		91FC3446286DFF7900CD612B /* BTBubbleLevelApp.swift in Sources */ = {isa = PBXBuildFile; fileRef = 91FC3445286DFF7900CD612B /* BTBubbleLevelApp.swift */; };
		91FC344A286DFF7B00CD612B /* Assets.xcassets in Resources */ = {isa = PBXBuildFile; fileRef = 91FC3449286DFF7B00CD612B /* Assets.xcassets */; };
		91FC344D286DFF7B00CD612B /* Preview Assets.xcassets in Resources */ = {isa = PBXBuildFile; fileRef = 91FC344C286DFF7B00CD612B /* Preview Assets.xcassets */; };
		91FC3456286DFFD200CD612B /* TiltDetector.swift in Sources */ = {isa = PBXBuildFile; fileRef = 91FC3455286DFFD200CD612B /* TiltDetector.swift */; };
		91FC3459286DFFE400CD612B /* BubbleLevel.swift in Sources */ = {isa = PBXBuildFile; fileRef = 91FC3458286DFFE400CD612B /* BubbleLevel.swift */; };
		91FC345C286E000900CD612B /* DoubleExtension.swift in Sources */ = {isa = PBXBuildFile; fileRef = 91FC345B286E000900CD612B /* DoubleExtension.swift */; };
		91FC345F286E002000CD612B /* LevelView.swift in Sources */ = {isa = PBXBuildFile; fileRef = 91FC345E286E002000CD612B /* LevelView.swift */; };
		91FC3462286E003200CD612B /* OrientationDataView.swift in Sources */ = {isa = PBXBuildFile; fileRef = 91FC3461286E003200CD612B /* OrientationDataView.swift */; };
		91FC3465286E004200CD612B /* BusView.swift in Sources */ = {isa = PBXBuildFile; fileRef = 91FC3464286E004200CD612B /* BusView.swift */; };
		91FC3468286E004F00CD612B /* SetupView.swift in Sources */ = {isa = PBXBuildFile; fileRef = 91FC3467286E004F00CD612B /* SetupView.swift */; };
		91FC346B286E007300CD612B /* BLEManager.swift in Sources */ = {isa = PBXBuildFile; fileRef = 91FC346A286E007300CD612B /* BLEManager.swift */; };
		91FC3474286E151900CD612B /* Assets.xcassets in Resources */ = {isa = PBXBuildFile; fileRef = 91FC3473286E151900CD612B /* Assets.xcassets */; };
/* End PBXBuildFile section */

/* Begin PBXFileReference section */
		91FC3442286DFF7900CD612B /* BTBubbleLevel.app */ = {isa = PBXFileReference; explicitFileType = wrapper.application; includeInIndex = 0; path = BTBubbleLevel.app; sourceTree = BUILT_PRODUCTS_DIR; };
		91FC3445286DFF7900CD612B /* BTBubbleLevelApp.swift */ = {isa = PBXFileReference; lastKnownFileType = sourcecode.swift; path = BTBubbleLevelApp.swift; sourceTree = "<group>"; };
		91FC3449286DFF7B00CD612B /* Assets.xcassets */ = {isa = PBXFileReference; lastKnownFileType = folder.assetcatalog; path = Assets.xcassets; sourceTree = "<group>"; };
		91FC344C286DFF7B00CD612B /* Preview Assets.xcassets */ = {isa = PBXFileReference; lastKnownFileType = folder.assetcatalog; path = "Preview Assets.xcassets"; sourceTree = "<group>"; };
		91FC344E286DFF7B00CD612B /* Info.plist */ = {isa = PBXFileReference; lastKnownFileType = text.plist.xml; path = Info.plist; sourceTree = "<group>"; };
		91FC3455286DFFD200CD612B /* TiltDetector.swift */ = {isa = PBXFileReference; lastKnownFileType = sourcecode.swift; path = TiltDetector.swift; sourceTree = "<group>"; };
		91FC3458286DFFE400CD612B /* BubbleLevel.swift */ = {isa = PBXFileReference; lastKnownFileType = sourcecode.swift; path = BubbleLevel.swift; sourceTree = "<group>"; };
		91FC345B286E000900CD612B /* DoubleExtension.swift */ = {isa = PBXFileReference; lastKnownFileType = sourcecode.swift; path = DoubleExtension.swift; sourceTree = "<group>"; };
		91FC345E286E002000CD612B /* LevelView.swift */ = {isa = PBXFileReference; lastKnownFileType = sourcecode.swift; path = LevelView.swift; sourceTree = "<group>"; };
		91FC3461286E003200CD612B /* OrientationDataView.swift */ = {isa = PBXFileReference; lastKnownFileType = sourcecode.swift; path = OrientationDataView.swift; sourceTree = "<group>"; };
		91FC3464286E004200CD612B /* BusView.swift */ = {isa = PBXFileReference; lastKnownFileType = sourcecode.swift; path = BusView.swift; sourceTree = "<group>"; };
		91FC3467286E004F00CD612B /* SetupView.swift */ = {isa = PBXFileReference; lastKnownFileType = sourcecode.swift; path = SetupView.swift; sourceTree = "<group>"; };
		91FC346A286E007300CD612B /* BLEManager.swift */ = {isa = PBXFileReference; lastKnownFileType = sourcecode.swift; path = BLEManager.swift; sourceTree = "<group>"; };
		91FC3473286E151900CD612B /* Assets.xcassets */ = {isa = PBXFileReference; lastKnownFileType = folder.assetcatalog; path = Assets.xcassets; sourceTree = "<group>"; };
/* End PBXFileReference section */

/* Begin PBXFrameworksBuildPhase section */
		91FC343F286DFF7900CD612B /* Frameworks */ = {
			isa = PBXFrameworksBuildPhase;
			buildActionMask = 2147483647;
			files = (
			);
			runOnlyForDeploymentPostprocessing = 0;
		};
/* End PBXFrameworksBuildPhase section */

/* Begin PBXGroup section */
		91FC3439286DFF7900CD612B = {
			isa = PBXGroup;
			children = (
				91FC3473286E151900CD612B /* Assets.xcassets */,
				91FC3444286DFF7900CD612B /* BTBubbleLevel */,
				91FC3443286DFF7900CD612B /* Products */,
			);
			sourceTree = "<group>";
		};
		91FC3443286DFF7900CD612B /* Products */ = {
			isa = PBXGroup;
			children = (
				91FC3442286DFF7900CD612B /* BTBubbleLevel.app */,
			);
			name = Products;
			sourceTree = "<group>";
		};
		91FC3444286DFF7900CD612B /* BTBubbleLevel */ = {
			isa = PBXGroup;
			children = (
				91FC3445286DFF7900CD612B /* BTBubbleLevelApp.swift */,
				91FC3455286DFFD200CD612B /* TiltDetector.swift */,
				91FC3458286DFFE400CD612B /* BubbleLevel.swift */,
				91FC345B286E000900CD612B /* DoubleExtension.swift */,
				91FC345E286E002000CD612B /* LevelView.swift */,
				91FC3461286E003200CD612B /* OrientationDataView.swift */,
				91FC3464286E004200CD612B /* BusView.swift */,
				91FC3467286E004F00CD612B /* SetupView.swift */,
				91FC346A286E007300CD612B /* BLEManager.swift */,
				91FC3449286DFF7B00CD612B /* Assets.xcassets */,
				91FC344E286DFF7B00CD612B /* Info.plist */,
				91FC344B286DFF7B00CD612B /* Preview Content */,
			);
			path = BTBubbleLevel;
			sourceTree = "<group>";
		};
		91FC344B286DFF7B00CD612B /* Preview Content */ = {
			isa = PBXGroup;
			children = (
				91FC344C286DFF7B00CD612B /* Preview Assets.xcassets */,
			);
			path = "Preview Content";
			sourceTree = "<group>";
		};
/* End PBXGroup section */

/* Begin PBXNativeTarget section */
		91FC3441286DFF7900CD612B /* BTBubbleLevel */ = {
			isa = PBXNativeTarget;
			buildConfigurationList = 91FC3451286DFF7B00CD612B /* Build configuration list for PBXNativeTarget "BTBubbleLevel" */;
			buildPhases = (
				91FC343E286DFF7900CD612B /* Sources */,
				91FC343F286DFF7900CD612B /* Frameworks */,
				91FC3440286DFF7900CD612B /* Resources */,
			);
			buildRules = (
			);
			dependencies = (
			);
			name = BTBubbleLevel;
			productName = BTBubbleLevel;
			productReference = 91FC3442286DFF7900CD612B /* BTBubbleLevel.app */;
			productType = "com.apple.product-type.application";
		};
/* End PBXNativeTarget section */

/* Begin PBXProject section */
		91FC343A286DFF7900CD612B /* Project object */ = {
			isa = PBXProject;
			attributes = {
				LastSwiftUpdateCheck = 1240;
				LastUpgradeCheck = 1240;
				TargetAttributes = {
					91FC3441286DFF7900CD612B = {
						CreatedOnToolsVersion = 12.4;
					};
				};
			};
			buildConfigurationList = 91FC343D286DFF7900CD612B /* Build configuration list for PBXProject "BTBubbleLevel" */;
			compatibilityVersion = "Xcode 9.3";
			developmentRegion = en;
			hasScannedForEncodings = 0;
			knownRegions = (
				en,
				Base,
			);
			mainGroup = 91FC3439286DFF7900CD612B;
			productRefGroup = 91FC3443286DFF7900CD612B /* Products */;
			projectDirPath = "";
			projectRoot = "";
			targets = (
				91FC3441286DFF7900CD612B /* BTBubbleLevel */,
			);
		};
/* End PBXProject section */

/* Begin PBXResourcesBuildPhase section */
		91FC3440286DFF7900CD612B /* Resources */ = {
			isa = PBXResourcesBuildPhase;
			buildActionMask = 2147483647;
			files = (
				91FC344D286DFF7B00CD612B /* Preview Assets.xcassets in Resources */,
				91FC3474286E151900CD612B /* Assets.xcassets in Resources */,
				91FC344A286DFF7B00CD612B /* Assets.xcassets in Resources */,
			);
			runOnlyForDeploymentPostprocessing = 0;
		};
/* End PBXResourcesBuildPhase section */

/* Begin PBXSourcesBuildPhase section */
		91FC343E286DFF7900CD612B /* Sources */ = {
			isa = PBXSourcesBuildPhase;
			buildActionMask = 2147483647;
			files = (
				91FC345C286E000900CD612B /* DoubleExtension.swift in Sources */,
				91FC3462286E003200CD612B /* OrientationDataView.swift in Sources */,
				91FC345F286E002000CD612B /* LevelView.swift in Sources */,
				91FC3459286DFFE400CD612B /* BubbleLevel.swift in Sources */,
				91FC3468286E004F00CD612B /* SetupView.swift in Sources */,
				91FC3465286E004200CD612B /* BusView.swift in Sources */,
				91FC346B286E007300CD612B /* BLEManager.swift in Sources */,
				91FC3456286DFFD200CD612B /* TiltDetector.swift in Sources */,
				91FC3446286DFF7900CD612B /* BTBubbleLevelApp.swift in Sources */,
			);
			runOnlyForDeploymentPostprocessing = 0;
		};
/* End PBXSourcesBuildPhase section */

/* Begin XCBuildConfiguration section */
		91FC344F286DFF7B00CD612B /* Debug */ = {
			isa = XCBuildConfiguration;
			buildSettings = {
				ALWAYS_SEARCH_USER_PATHS = NO;
				CLANG_ANALYZER_NONNULL = YES;
				CLANG_ANALYZER_NUMBER_OBJECT_CONVERSION = YES_AGGRESSIVE;
				CLANG_CXX_LANGUAGE_STANDARD = "gnu++14";
				CLANG_CXX_LIBRARY = "libc++";
				CLANG_ENABLE_MODULES = YES;
				CLANG_ENABLE_OBJC_ARC = YES;
				CLANG_ENABLE_OBJC_WEAK = YES;
				CLANG_WARN_BLOCK_CAPTURE_AUTORELEASING = YES;
				CLANG_WARN_BOOL_CONVERSION = YES;
				CLANG_WARN_COMMA = YES;
				CLANG_WARN_CONSTANT_CONVERSION = YES;
				CLANG_WARN_DEPRECATED_OBJC_IMPLEMENTATIONS = YES;
				CLANG_WARN_DIRECT_OBJC_ISA_USAGE = YES_ERROR;
				CLANG_WARN_DOCUMENTATION_COMMENTS = YES;
				CLANG_WARN_EMPTY_BODY = YES;
				CLANG_WARN_ENUM_CONVERSION = YES;
				CLANG_WARN_INFINITE_RECURSION = YES;
				CLANG_WARN_INT_CONVERSION = YES;
				CLANG_WARN_NON_LITERAL_NULL_CONVERSION = YES;
				CLANG_WARN_OBJC_IMPLICIT_RETAIN_SELF = YES;
				CLANG_WARN_OBJC_LITERAL_CONVERSION = YES;
				CLANG_WARN_OBJC_ROOT_CLASS = YES_ERROR;
				CLANG_WARN_QUOTED_INCLUDE_IN_FRAMEWORK_HEADER = YES;
				CLANG_WARN_RANGE_LOOP_ANALYSIS = YES;
				CLANG_WARN_STRICT_PROTOTYPES = YES;
				CLANG_WARN_SUSPICIOUS_MOVE = YES;
				CLANG_WARN_UNGUARDED_AVAILABILITY = YES_AGGRESSIVE;
				CLANG_WARN_UNREACHABLE_CODE = YES;
				CLANG_WARN__DUPLICATE_METHOD_MATCH = YES;
				COPY_PHASE_STRIP = NO;
				DEBUG_INFORMATION_FORMAT = dwarf;
				ENABLE_STRICT_OBJC_MSGSEND = YES;
				ENABLE_TESTABILITY = YES;
				GCC_C_LANGUAGE_STANDARD = gnu11;
				GCC_DYNAMIC_NO_PIC = NO;
				GCC_NO_COMMON_BLOCKS = YES;
				GCC_OPTIMIZATION_LEVEL = 0;
				GCC_PREPROCESSOR_DEFINITIONS = (
					"DEBUG=1",
					"$(inherited)",
				);
				GCC_WARN_64_TO_32_BIT_CONVERSION = YES;
				GCC_WARN_ABOUT_RETURN_TYPE = YES_ERROR;
				GCC_WARN_UNDECLARED_SELECTOR = YES;
				GCC_WARN_UNINITIALIZED_AUTOS = YES_AGGRESSIVE;
				GCC_WARN_UNUSED_FUNCTION = YES;
				GCC_WARN_UNUSED_VARIABLE = YES;
				IPHONEOS_DEPLOYMENT_TARGET = 14.4;
				MTL_ENABLE_DEBUG_INFO = INCLUDE_SOURCE;
				MTL_FAST_MATH = YES;
				ONLY_ACTIVE_ARCH = YES;
				"OTHER_CODE_SIGN_FLAGS[sdk=*]" = "--generate-entitlement-der";
				SDKROOT = iphoneos;
				SWIFT_ACTIVE_COMPILATION_CONDITIONS = DEBUG;
				SWIFT_OPTIMIZATION_LEVEL = "-Onone";
			};
			name = Debug;
		};
		91FC3450286DFF7B00CD612B /* Release */ = {
			isa = XCBuildConfiguration;
			buildSettings = {
				ALWAYS_SEARCH_USER_PATHS = NO;
				CLANG_ANALYZER_NONNULL = YES;
				CLANG_ANALYZER_NUMBER_OBJECT_CONVERSION = YES_AGGRESSIVE;
				CLANG_CXX_LANGUAGE_STANDARD = "gnu++14";
				CLANG_CXX_LIBRARY = "libc++";
				CLANG_ENABLE_MODULES = YES;
				CLANG_ENABLE_OBJC_ARC = YES;
				CLANG_ENABLE_OBJC_WEAK = YES;
				CLANG_WARN_BLOCK_CAPTURE_AUTORELEASING = YES;
				CLANG_WARN_BOOL_CONVERSION = YES;
				CLANG_WARN_COMMA = YES;
				CLANG_WARN_CONSTANT_CONVERSION = YES;
				CLANG_WARN_DEPRECATED_OBJC_IMPLEMENTATIONS = YES;
				CLANG_WARN_DIRECT_OBJC_ISA_USAGE = YES_ERROR;
				CLANG_WARN_DOCUMENTATION_COMMENTS = YES;
				CLANG_WARN_EMPTY_BODY = YES;
				CLANG_WARN_ENUM_CONVERSION = YES;
				CLANG_WARN_INFINITE_RECURSION = YES;
				CLANG_WARN_INT_CONVERSION = YES;
				CLANG_WARN_NON_LITERAL_NULL_CONVERSION = YES;
				CLANG_WARN_OBJC_IMPLICIT_RETAIN_SELF = YES;
				CLANG_WARN_OBJC_LITERAL_CONVERSION = YES;
				CLANG_WARN_OBJC_ROOT_CLASS = YES_ERROR;
				CLANG_WARN_QUOTED_INCLUDE_IN_FRAMEWORK_HEADER = YES;
				CLANG_WARN_RANGE_LOOP_ANALYSIS = YES;
				CLANG_WARN_STRICT_PROTOTYPES = YES;
				CLANG_WARN_SUSPICIOUS_MOVE = YES;
				CLANG_WARN_UNGUARDED_AVAILABILITY = YES_AGGRESSIVE;
				CLANG_WARN_UNREACHABLE_CODE = YES;
				CLANG_WARN__DUPLICATE_METHOD_MATCH = YES;
				COPY_PHASE_STRIP = NO;
				DEBUG_INFORMATION_FORMAT = "dwarf-with-dsym";
				ENABLE_NS_ASSERTIONS = NO;
				ENABLE_STRICT_OBJC_MSGSEND = YES;
				GCC_C_LANGUAGE_STANDARD = gnu11;
				GCC_NO_COMMON_BLOCKS = YES;
				GCC_WARN_64_TO_32_BIT_CONVERSION = YES;
				GCC_WARN_ABOUT_RETURN_TYPE = YES_ERROR;
				GCC_WARN_UNDECLARED_SELECTOR = YES;
				GCC_WARN_UNINITIALIZED_AUTOS = YES_AGGRESSIVE;
				GCC_WARN_UNUSED_FUNCTION = YES;
				GCC_WARN_UNUSED_VARIABLE = YES;
				IPHONEOS_DEPLOYMENT_TARGET = 14.4;
				MTL_ENABLE_DEBUG_INFO = NO;
				MTL_FAST_MATH = YES;
				"OTHER_CODE_SIGN_FLAGS[sdk=*]" = "--generate-entitlement-der";
				SDKROOT = iphoneos;
				SWIFT_COMPILATION_MODE = wholemodule;
				SWIFT_OPTIMIZATION_LEVEL = "-O";
				VALIDATE_PRODUCT = YES;
			};
			name = Release;
		};
		91FC3452286DFF7B00CD612B /* Debug */ = {
			isa = XCBuildConfiguration;
			buildSettings = {
				ASSETCATALOG_COMPILER_APPICON_NAME = AppIcon;
				ASSETCATALOG_COMPILER_GLOBAL_ACCENT_COLOR_NAME = AccentColor;
				CODE_SIGN_STYLE = Automatic;
				DEVELOPMENT_ASSET_PATHS = "\"BTBubbleLevel/Preview Content\"";
				DEVELOPMENT_TEAM = JSLFH3S4NY;
				ENABLE_PREVIEWS = YES;
				INFOPLIST_FILE = BTBubbleLevel/Info.plist;
				IPHONEOS_DEPLOYMENT_TARGET = 14.0;
				LD_RUNPATH_SEARCH_PATHS = (
					"$(inherited)",
					"@executable_path/Frameworks",
				);
				PRODUCT_BUNDLE_IDENTIFIER = "puffball-designs.BTBubbleLevel";
				PRODUCT_NAME = "$(TARGET_NAME)";
				SWIFT_VERSION = 5.0;
				TARGETED_DEVICE_FAMILY = "1,2";
			};
			name = Debug;
		};
		91FC3453286DFF7B00CD612B /* Release */ = {
			isa = XCBuildConfiguration;
			buildSettings = {
				ASSETCATALOG_COMPILER_APPICON_NAME = AppIcon;
				ASSETCATALOG_COMPILER_GLOBAL_ACCENT_COLOR_NAME = AccentColor;
				CODE_SIGN_STYLE = Automatic;
				DEVELOPMENT_ASSET_PATHS = "\"BTBubbleLevel/Preview Content\"";
				DEVELOPMENT_TEAM = JSLFH3S4NY;
				ENABLE_PREVIEWS = YES;
				INFOPLIST_FILE = BTBubbleLevel/Info.plist;
				IPHONEOS_DEPLOYMENT_TARGET = 14.0;
				LD_RUNPATH_SEARCH_PATHS = (
					"$(inherited)",
					"@executable_path/Frameworks",
				);
				PRODUCT_BUNDLE_IDENTIFIER = "puffball-designs.BTBubbleLevel";
				PRODUCT_NAME = "$(TARGET_NAME)";
				SWIFT_VERSION = 5.0;
				TARGETED_DEVICE_FAMILY = "1,2";
			};
			name = Release;
		};
/* End XCBuildConfiguration section */

/* Begin XCConfigurationList section */
		91FC343D286DFF7900CD612B /* Build configuration list for PBXProject "BTBubbleLevel" */ = {
			isa = XCConfigurationList;
			buildConfigurations = (
				91FC344F286DFF7B00CD612B /* Debug */,
				91FC3450286DFF7B00CD612B /* Release */,
			);
			defaultConfigurationIsVisible = 0;
			defaultConfigurationName = Release;
		};
		91FC3451286DFF7B00CD612B /* Build configuration list for PBXNativeTarget "BTBubbleLevel" */ = {
			isa = XCConfigurationList;
			buildConfigurations = (
				91FC3452286DFF7B00CD612B /* Debug */,
				91FC3453286DFF7B00CD612B /* Release */,
			);
			defaultConfigurationIsVisible = 0;
			defaultConfigurationName = Release;
		};
/* End XCConfigurationList section */
	};
	rootObject = 91FC343A286DFF7900CD612B /* Project object */;
}
